PODS:
  - cryptography_flutter (0.0.1):
    - Flutter
  - Flutter (1.0.0)
  - flutter_local_notifications (0.0.1):
    - Flutter
  - flutter_secure_storage_darwin (10.0.0):
    - Flutter
    - FlutterMacOS
  - flutter_timezone (0.0.1):
    - Flutter

DEPENDENCIES:
  - cryptography_flutter (from `.symlinks/plugins/cryptography_flutter/ios`)
  - Flutter (from `Flutter`)
  - flutter_local_notifications (from `.symlinks/plugins/flutter_local_notifications/ios`)
  - flutter_secure_storage_darwin (from `.symlinks/plugins/flutter_secure_storage_darwin/darwin`)
  - flutter_timezone (from `.symlinks/plugins/flutter_timezone/ios`)

EXTERNAL SOURCES:
  cryptography_flutter:
    :path: ".symlinks/plugins/cryptography_flutter/ios"
  Flutter:
    :path: Flutter
  flutter_local_notifications:
    :path: ".symlinks/plugins/flutter_local_notifications/ios"
  flutter_secure_storage_darwin:
    :path: ".symlinks/plugins/flutter_secure_storage_darwin/darwin"
  flutter_timezone:
    :path: ".symlinks/plugins/flutter_timezone/ios"

SPEC CHECKSUMS:
  cryptography_flutter: 4868d92d3e47f91f0bc321e63e6fa0387f365f11
  Flutter: cabc95a1d2626b1b06e7179b784ebcf0c0cde467
  flutter_local_notifications: 643a3eda1ce1c0599413ca31672536d423dee214
  flutter_secure_storage_darwin: acdb3f316ed05a3e68f856e0353b133eec373a23
  flutter_timezone: 7c838e17ffd4645d261e87037e5bebf6d38fe544

PODFILE CHECKSUM: 07115dd5e2ba3eb8d0afce749a3158c02c1a0c55

COCOAPODS: 1.17.0
